// !$*UTF8*$!
{
	archiveVersion = 1;
	classes = {
	};
	objectVersion = 46;
	objects = {

/* Begin PBXBuildFile section */
		200AA50918BE90750076E0EA /* Foundation.framework in Frameworks */ = {isa = PBXBuildFile; fileRef = 200AA50818BE90750076E0EA /* Foundation.framework */; };
		200AA50B18BE90750076E0EA /* CoreGraphics.framework in Frameworks */ = {isa = PBXBuildFile; fileRef = 200AA50A18BE90750076E0EA /* CoreGraphics.framework */; };
		200AA50D18BE90750076E0EA /* UIKit.framework in Frameworks */ = {isa = PBXBuildFile; fileRef = 200AA50C18BE90750076E0EA /* UIKit.framework */; };
		200AA51318BE90750076E0EA /* InfoPlist.strings in Resources */ = {isa = PBXBuildFile; fileRef = 200AA51118BE90750076E0EA /* InfoPlist.strings */; };
		200AA51518BE90750076E0EA /* main.m in Sources */ = {isa = PBXBuildFile; fileRef = 200AA51418BE90750076E0EA /* main.m */; };
		200AA51918BE90750076E0EA /* CAMAppDelegate.m in Sources */ = {isa = PBXBuildFile; fileRef = 200AA51818BE90750076E0EA /* CAMAppDelegate.m */; };
		200AA51C18BE90750076E0EA /* Main.storyboard in Resources */ = {isa = PBXBuildFile; fileRef = 200AA51A18BE90750076E0EA /* Main.storyboard */; };
		200AA51F18BE90750076E0EA /* CAMViewController.m in Sources */ = {isa = PBXBuildFile; fileRef = 200AA51E18BE90750076E0EA /* CAMViewController.m */; };
		200AA52118BE90750076E0EA /* Images.xcassets in Resources */ = {isa = PBXBuildFile; fileRef = 200AA52018BE90750076E0EA /* Images.xcassets */; };
		200AA52818BE90760076E0EA /* XCTest.framework in Frameworks */ = {isa = PBXBuildFile; fileRef = 200AA52718BE90760076E0EA /* XCTest.framework */; };
		200AA52918BE90760076E0EA /* Foundation.framework in Frameworks */ = {isa = PBXBuildFile; fileRef = 200AA50818BE90750076E0EA /* Foundation.framework */; };
		200AA52A18BE90760076E0EA /* UIKit.framework in Frameworks */ = {isa = PBXBuildFile; fileRef = 200AA50C18BE90750076E0EA /* UIKit.framework */; };
		200AA53218BE90760076E0EA /* InfoPlist.strings in Resources */ = {isa = PBXBuildFile; fileRef = 200AA53018BE90760076E0EA /* InfoPlist.strings */; };
		200AA53418BE90760076E0EA /* HashTableTests.m in Sources */ = {isa = PBXBuildFile; fileRef = 200AA53318BE90760076E0EA /* HashTableTests.m */; };
		200AA53F18BE90900076E0EA /* HashTable.m in Sources */ = {isa = PBXBuildFile; fileRef = 200AA53E18BE90900076E0EA /* HashTable.m */; };
		200AA54218BE909E0076E0EA /* HashBucket.m in Sources */ = {isa = PBXBuildFile; fileRef = 200AA54118BE909E0076E0EA /* HashBucket.m */; };
/* End PBXBuildFile section */

/* Begin PBXContainerItemProxy section */
		200AA52B18BE90760076E0EA /* PBXContainerItemProxy */ = {
			isa = PBXContainerItemProxy;
			containerPortal = 200AA4FD18BE90750076E0EA /* Project object */;
			proxyType = 1;
			remoteGlobalIDString = 200AA50418BE90750076E0EA;
			remoteInfo = HashTable;
		};
/* End PBXContainerItemProxy section */

/* Begin PBXFileReference section */
		200AA50518BE90750076E0EA /* HashTable.app */ = {isa = PBXFileReference; explicitFileType = wrapper.application; includeInIndex = 0; path = HashTable.app; sourceTree = BUILT_PRODUCTS_DIR; };
		200AA50818BE90750076E0EA /* Foundation.framework */ = {isa = PBXFileReference; lastKnownFileType = wrapper.framework; name = Foundation.framework; path = System/Library/Frameworks/Foundation.framework; sourceTree = SDKROOT; };
		200AA50A18BE90750076E0EA /* CoreGraphics.framework */ = {isa = PBXFileReference; lastKnownFileType = wrapper.framework; name = CoreGraphics.framework; path = System/Library/Frameworks/CoreGraphics.framework; sourceTree = SDKROOT; };
		200AA50C18BE90750076E0EA /* UIKit.framework */ = {isa = PBXFileReference; lastKnownFileType = wrapper.framework; name = UIKit.framework; path = System/Library/Frameworks/UIKit.framework; sourceTree = SDKROOT; };
		200AA51018BE90750076E0EA /* HashTable-Info.plist */ = {isa = PBXFileReference; lastKnownFileType = text.plist.xml; path = "HashTable-Info.plist"; sourceTree = "<group>"; };
		200AA51218BE90750076E0EA /* en */ = {isa = PBXFileReference; lastKnownFileType = text.plist.strings; name = en; path = en.lproj/InfoPlist.strings; sourceTree = "<group>"; };
		200AA51418BE90750076E0EA /* main.m */ = {isa = PBXFileReference; lastKnownFileType = sourcecode.c.objc; path = main.m; sourceTree = "<group>"; };
		200AA51618BE90750076E0EA /* HashTable-Prefix.pch */ = {isa = PBXFileReference; lastKnownFileType = sourcecode.c.h; path = "HashTable-Prefix.pch"; sourceTree = "<group>"; };
		200AA51718BE90750076E0EA /* CAMAppDelegate.h */ = {isa = PBXFileReference; lastKnownFileType = sourcecode.c.h; path = CAMAppDelegate.h; sourceTree = "<group>"; };
		200AA51818BE90750076E0EA /* CAMAppDelegate.m */ = {isa = PBXFileReference; lastKnownFileType = sourcecode.c.objc; path = CAMAppDelegate.m; sourceTree = "<group>"; };
		200AA51B18BE90750076E0EA /* Base */ = {isa = PBXFileReference; lastKnownFileType = file.storyboard; name = Base; path = Base.lproj/Main.storyboard; sourceTree = "<group>"; };
		200AA51D18BE90750076E0EA /* CAMViewController.h */ = {isa = PBXFileReference; lastKnownFileType = sourcecode.c.h; path = CAMViewController.h; sourceTree = "<group>"; };
		200AA51E18BE90750076E0EA /* CAMViewController.m */ = {isa = PBXFileReference; lastKnownFileType = sourcecode.c.objc; path = CAMViewController.m; sourceTree = "<group>"; };
		200AA52018BE90750076E0EA /* Images.xcassets */ = {isa = PBXFileReference; lastKnownFileType = folder.assetcatalog; path = Images.xcassets; sourceTree = "<group>"; };
		200AA52618BE90760076E0EA /* HashTableTests.xctest */ = {isa = PBXFileReference; explicitFileType = wrapper.cfbundle; includeInIndex = 0; path = HashTableTests.xctest; sourceTree = BUILT_PRODUCTS_DIR; };
		200AA52718BE90760076E0EA /* XCTest.framework */ = {isa = PBXFileReference; lastKnownFileType = wrapper.framework; name = XCTest.framework; path = Library/Frameworks/XCTest.framework; sourceTree = DEVELOPER_DIR; };
		200AA52F18BE90760076E0EA /* HashTableTests-Info.plist */ = {isa = PBXFileReference; lastKnownFileType = text.plist.xml; path = "HashTableTests-Info.plist"; sourceTree = "<group>"; };
		200AA53118BE90760076E0EA /* en */ = {isa = PBXFileReference; lastKnownFileType = text.plist.strings; name = en; path = en.lproj/InfoPlist.strings; sourceTree = "<group>"; };
		200AA53318BE90760076E0EA /* HashTableTests.m */ = {isa = PBXFileReference; lastKnownFileType = sourcecode.c.objc; path = HashTableTests.m; sourceTree = "<group>"; };
		200AA53D18BE90900076E0EA /* HashTable.h */ = {isa = PBXFileReference; fileEncoding = 4; lastKnownFileType = sourcecode.c.h; path = HashTable.h; sourceTree = "<group>"; };
		200AA53E18BE90900076E0EA /* HashTable.m */ = {isa = PBXFileReference; fileEncoding = 4; lastKnownFileType = sourcecode.c.objc; path = HashTable.m; sourceTree = "<group>"; };
		200AA54018BE909E0076E0EA /* HashBucket.h */ = {isa = PBXFileReference; fileEncoding = 4; lastKnownFileType = sourcecode.c.h; path = HashBucket.h; sourceTree = "<group>"; };
		200AA54118BE909E0076E0EA /* HashBucket.m */ = {isa = PBXFileReference; fileEncoding = 4; lastKnownFileType = sourcecode.c.objc; path = HashBucket.m; sourceTree = "<group>"; };
/* End PBXFileReference section */

/* Begin PBXFrameworksBuildPhase section */
		200AA50218BE90750076E0EA /* Frameworks */ = {
			isa = PBXFrameworksBuildPhase;
			buildActionMask = 2147483647;
			files = (
				200AA50B18BE90750076E0EA /* CoreGraphics.framework in Frameworks */,
				200AA50D18BE90750076E0EA /* UIKit.framework in Frameworks */,
				200AA50918BE90750076E0EA /* Foundation.framework in Frameworks */,
			);
			runOnlyForDeploymentPostprocessing = 0;
		};
		200AA52318BE90760076E0EA /* Frameworks */ = {
			isa = PBXFrameworksBuildPhase;
			buildActionMask = 2147483647;
			files = (
				200AA52818BE90760076E0EA /* XCTest.framework in Frameworks */,
				200AA52A18BE90760076E0EA /* UIKit.framework in Frameworks */,
				200AA52918BE90760076E0EA /* Foundation.framework in Frameworks */,
			);
			runOnlyForDeploymentPostprocessing = 0;
		};
/* End PBXFrameworksBuildPhase section */

/* Begin PBXGroup section */
		200AA4FC18BE90750076E0EA = {
			isa = PBXGroup;
			children = (
				200AA53D18BE90900076E0EA /* HashTable.h */,
				200AA53E18BE90900076E0EA /* HashTable.m */,
				200AA54018BE909E0076E0EA /* HashBucket.h */,
				200AA54118BE909E0076E0EA /* HashBucket.m */,
				200AA50E18BE90750076E0EA /* HashTable */,
				200AA52D18BE90760076E0EA /* HashTableTests */,
				200AA50718BE90750076E0EA /* Frameworks */,
				200AA50618BE90750076E0EA /* Products */,
			);
			sourceTree = "<group>";
		};
		200AA50618BE90750076E0EA /* Products */ = {
			isa = PBXGroup;
			children = (
				200AA50518BE90750076E0EA /* HashTable.app */,
				200AA52618BE90760076E0EA /* HashTableTests.xctest */,
			);
			name = Products;
			sourceTree = "<group>";
		};
		200AA50718BE90750076E0EA /* Frameworks */ = {
			isa = PBXGroup;
			children = (
				200AA50818BE90750076E0EA /* Foundation.framework */,
				200AA50A18BE90750076E0EA /* CoreGraphics.framework */,
				200AA50C18BE90750076E0EA /* UIKit.framework */,
				200AA52718BE90760076E0EA /* XCTest.framework */,
			);
			name = Frameworks;
			sourceTree = "<group>";
		};
		200AA50E18BE90750076E0EA /* HashTable */ = {
			isa = PBXGroup;
			children = (
				200AA51718BE90750076E0EA /* CAMAppDelegate.h */,
				200AA51818BE90750076E0EA /* CAMAppDelegate.m */,
				200AA51A18BE90750076E0EA /* Main.storyboard */,
				200AA51D18BE90750076E0EA /* CAMViewController.h */,
				200AA51E18BE90750076E0EA /* CAMViewController.m */,
				200AA52018BE90750076E0EA /* Images.xcassets */,
				200AA50F18BE90750076E0EA /* Supporting Files */,
			);
			path = HashTable;
			sourceTree = "<group>";
		};
		200AA50F18BE90750076E0EA /* Supporting Files */ = {
			isa = PBXGroup;
			children = (
				200AA51018BE90750076E0EA /* HashTable-Info.plist */,
				200AA51118BE90750076E0EA /* InfoPlist.strings */,
				200AA51418BE90750076E0EA /* main.m */,
				200AA51618BE90750076E0EA /* HashTable-Prefix.pch */,
			);
			name = "Supporting Files";
			sourceTree = "<group>";
		};
		200AA52D18BE90760076E0EA /* HashTableTests */ = {
			isa = PBXGroup;
			children = (
				200AA53318BE90760076E0EA /* HashTableTests.m */,
				200AA52E18BE90760076E0EA /* Supporting Files */,
			);
			path = HashTableTests;
			sourceTree = "<group>";
		};
		200AA52E18BE90760076E0EA /* Supporting Files */ = {
			isa = PBXGroup;
			children = (
				200AA52F18BE90760076E0EA /* HashTableTests-Info.plist */,
				200AA53018BE90760076E0EA /* InfoPlist.strings */,
			);
			name = "Supporting Files";
			sourceTree = "<group>";
		};
/* End PBXGroup section */

/* Begin PBXNativeTarget section */
		200AA50418BE90750076E0EA /* HashTable */ = {
			isa = PBXNativeTarget;
			buildConfigurationList = 200AA53718BE90760076E0EA /* Build configuration list for PBXNativeTarget "HashTable" */;
			buildPhases = (
				200AA50118BE90750076E0EA /* Sources */,
				200AA50218BE90750076E0EA /* Frameworks */,
				200AA50318BE90750076E0EA /* Resources */,
			);
			buildRules = (
			);
			dependencies = (
			);
			name = HashTable;
			productName = HashTable;
			productReference = 200AA50518BE90750076E0EA /* HashTable.app */;
			productType = "com.apple.product-type.application";
		};
		200AA52518BE90760076E0EA /* HashTableTests */ = {
			isa = PBXNativeTarget;
			buildConfigurationList = 200AA53A18BE90760076E0EA /* Build configuration list for PBXNativeTarget "HashTableTests" */;
			buildPhases = (
				200AA52218BE90760076E0EA /* Sources */,
				200AA52318BE90760076E0EA /* Frameworks */,
				200AA52418BE90760076E0EA /* Resources */,
			);
			buildRules = (
			);
			dependencies = (
				200AA52C18BE90760076E0EA /* PBXTargetDependency */,
			);
			name = HashTableTests;
			productName = HashTableTests;
			productReference = 200AA52618BE90760076E0EA /* HashTableTests.xctest */;
			productType = "com.apple.product-type.bundle.unit-test";
		};
/* End PBXNativeTarget section */

/* Begin PBXProject section */
		200AA4FD18BE90750076E0EA /* Project object */ = {
			isa = PBXProject;
			attributes = {
				CLASSPREFIX = CAM;
				LastUpgradeCheck = 0500;
				ORGANIZATIONNAME = "Chris Meehan";
				TargetAttributes = {
					200AA52518BE90760076E0EA = {
						TestTargetID = 200AA50418BE90750076E0EA;
					};
				};
			};
			buildConfigurationList = 200AA50018BE90750076E0EA /* Build configuration list for PBXProject "HashTable" */;
			compatibilityVersion = "Xcode 3.2";
			developmentRegion = English;
			hasScannedForEncodings = 0;
			knownRegions = (
				en,
				Base,
			);
			mainGroup = 200AA4FC18BE90750076E0EA;
			productRefGroup = 200AA50618BE90750076E0EA /* Products */;
			projectDirPath = "";
			projectRoot = "";
			targets = (
				200AA50418BE90750076E0EA /* HashTable */,
				200AA52518BE90760076E0EA /* HashTableTests */,
			);
		};
/* End PBXProject section */

/* Begin PBXResourcesBuildPhase section */
		200AA50318BE90750076E0EA /* Resources */ = {
			isa = PBXResourcesBuildPhase;
			buildActionMask = 2147483647;
			files = (
				200AA52118BE90750076E0EA /* Images.xcassets in Resources */,
				200AA51318BE90750076E0EA /* InfoPlist.strings in Resources */,
				200AA51C18BE90750076E0EA /* Main.storyboard in Resources */,
			);
			runOnlyForDeploymentPostprocessing = 0;
		};
		200AA52418BE90760076E0EA /* Resources */ = {
			isa = PBXResourcesBuildPhase;
			buildActionMask = 2147483647;
			files = (
				200AA53218BE90760076E0EA /* InfoPlist.strings in Resources */,
			);
			runOnlyForDeploymentPostprocessing = 0;
		};
/* End PBXResourcesBuildPhase section */

/* Begin PBXSourcesBuildPhase section */
		200AA50118BE90750076E0EA /* Sources */ = {
			isa = PBXSourcesBuildPhase;
			buildActionMask = 2147483647;
			files = (
				200AA54218BE909E0076E0EA /* HashBucket.m in Sources */,
				200AA51F18BE90750076E0EA /* CAMViewController.m in Sources */,
				200AA51918BE90750076E0EA /* CAMAppDelegate.m in Sources */,
				200AA53F18BE90900076E0EA /* HashTable.m in Sources */,
				200AA51518BE90750076E0EA /* main.m in Sources */,
			);
			runOnlyForDeploymentPostprocessing = 0;
		};
		200AA52218BE90760076E0EA /* Sources */ = {
			isa = PBXSourcesBuildPhase;
			buildActionMask = 2147483647;
			files = (
				200AA53418BE90760076E0EA /* HashTableTests.m in Sources */,
			);
			runOnlyForDeploymentPostprocessing = 0;
		};
/* End PBXSourcesBuildPhase section */

/* Begin PBXTargetDependency section */
		200AA52C18BE90760076E0EA /* PBXTargetDependency */ = {
			isa = PBXTargetDependency;
			target = 200AA50418BE90750076E0EA /* HashTable */;
			targetProxy = 200AA52B18BE90760076E0EA /* PBXContainerItemProxy */;
		};
/* End PBXTargetDependency section */

/* Begin PBXVariantGroup section */
		200AA51118BE90750076E0EA /* InfoPlist.strings */ = {
			isa = PBXVariantGroup;
			children = (
				200AA51218BE90750076E0EA /* en */,
			);
			name = InfoPlist.strings;
			sourceTree = "<group>";
		};
		200AA51A18BE90750076E0EA /* Main.storyboard */ = {
			isa = PBXVariantGroup;
			children = (
				200AA51B18BE90750076E0EA /* Base */,
			);
			name = Main.storyboard;
			sourceTree = "<group>";
		};
		200AA53018BE90760076E0EA /* InfoPlist.strings */ = {
			isa = PBXVariantGroup;
			children = (
				200AA53118BE90760076E0EA /* en */,
			);
			name = InfoPlist.strings;
			sourceTree = "<group>";
		};
/* End PBXVariantGroup section */

/* Begin XCBuildConfiguration section */
		200AA53518BE90760076E0EA /* Debug */ = {
			isa = XCBuildConfiguration;
			buildSettings = {
				ALWAYS_SEARCH_USER_PATHS = NO;
				ARCHS = "$(ARCHS_STANDARD_INCLUDING_64_BIT)";
				CLANG_CXX_LANGUAGE_STANDARD = "gnu++0x";
				CLANG_CXX_LIBRARY = "libc++";
				CLANG_ENABLE_MODULES = YES;
				CLANG_ENABLE_OBJC_ARC = YES;
				CLANG_WARN_BOOL_CONVERSION = YES;
				CLANG_WARN_CONSTANT_CONVERSION = YES;
				CLANG_WARN_DIRECT_OBJC_ISA_USAGE = YES_ERROR;
				CLANG_WARN_EMPTY_BODY = YES;
				CLANG_WARN_ENUM_CONVERSION = YES;
				CLANG_WARN_INT_CONVERSION = YES;
				CLANG_WARN_OBJC_ROOT_CLASS = YES_ERROR;
				CLANG_WARN__DUPLICATE_METHOD_MATCH = YES;
				"CODE_SIGN_IDENTITY[sdk=iphoneos*]" = "iPhone Developer";
				COPY_PHASE_STRIP = NO;
				GCC_C_LANGUAGE_STANDARD = gnu99;
				GCC_DYNAMIC_NO_PIC = NO;
				GCC_OPTIMIZATION_LEVEL = 0;
				GCC_PREPROCESSOR_DEFINITIONS = (
					"DEBUG=1",
					"$(inherited)",
				);
				GCC_SYMBOLS_PRIVATE_EXTERN = NO;
				GCC_WARN_64_TO_32_BIT_CONVERSION = YES;
				GCC_WARN_ABOUT_RETURN_TYPE = YES_ERROR;
				GCC_WARN_UNDECLARED_SELECTOR = YES;
				GCC_WARN_UNINITIALIZED_AUTOS = YES;
				GCC_WARN_UNUSED_FUNCTION = YES;
				GCC_WARN_UNUSED_VARIABLE = YES;
				IPHONEOS_DEPLOYMENT_TARGET = 7.0;
				ONLY_ACTIVE_ARCH = YES;
				SDKROOT = iphoneos;
			};
			name = Debug;
		};
		200AA53618BE90760076E0EA /* Release */ = {
			isa = XCBuildConfiguration;
			buildSettings = {
				ALWAYS_SEARCH_USER_PATHS = NO;
				ARCHS = "$(ARCHS_STANDARD_INCLUDING_64_BIT)";
				CLANG_CXX_LANGUAGE_STANDARD = "gnu++0x";
				CLANG_CXX_LIBRARY = "libc++";
				CLANG_ENABLE_MODULES = YES;
				CLANG_ENABLE_OBJC_ARC = YES;
				CLANG_WARN_BOOL_CONVERSION = YES;
				CLANG_WARN_CONSTANT_CONVERSION = YES;
				CLANG_WARN_DIRECT_OBJC_ISA_USAGE = YES_ERROR;
				CLANG_WARN_EMPTY_BODY = YES;
				CLANG_WARN_ENUM_CONVERSION = YES;
				CLANG_WARN_INT_CONVERSION = YES;
				CLANG_WARN_OBJC_ROOT_CLASS = YES_ERROR;
				CLANG_WARN__DUPLICATE_METHOD_MATCH = YES;
				"CODE_SIGN_IDENTITY[sdk=iphoneos*]" = "iPhone Developer";
				COPY_PHASE_STRIP = YES;
				ENABLE_NS_ASSERTIONS = NO;
				GCC_C_LANGUAGE_STANDARD = gnu99;
				GCC_WARN_64_TO_32_BIT_CONVERSION = YES;
				GCC_WARN_ABOUT_RETURN_TYPE = YES_ERROR;
				GCC_WARN_UNDECLARED_SELECTOR = YES;
				GCC_WARN_UNINITIALIZED_AUTOS = YES;
				GCC_WARN_UNUSED_FUNCTION = YES;
				GCC_WARN_UNUSED_VARIABLE = YES;
				IPHONEOS_DEPLOYMENT_TARGET = 7.0;
				SDKROOT = iphoneos;
				VALIDATE_PRODUCT = YES;
			};
			name = Release;
		};
		200AA53818BE90760076E0EA /* Debug */ = {
			isa = XCBuildConfiguration;
			buildSettings = {
				ASSETCATALOG_COMPILER_APPICON_NAME = AppIcon;
				ASSETCATALOG_COMPILER_LAUNCHIMAGE_NAME = LaunchImage;
				GCC_PRECOMPILE_PREFIX_HEADER = YES;
				GCC_PREFIX_HEADER = "HashTable/HashTable-Prefix.pch";
				INFOPLIST_FILE = "HashTable/HashTable-Info.plist";
				PRODUCT_NAME = "$(TARGET_NAME)";
				WRAPPER_EXTENSION = app;
			};
			name = Debug;
		};
		200AA53918BE90760076E0EA /* Release */ = {
			isa = XCBuildConfiguration;
			buildSettings = {
				ASSETCATALOG_COMPILER_APPICON_NAME = AppIcon;
				ASSETCATALOG_COMPILER_LAUNCHIMAGE_NAME = LaunchImage;
				GCC_PRECOMPILE_PREFIX_HEADER = YES;
				GCC_PREFIX_HEADER = "HashTable/HashTable-Prefix.pch";
				INFOPLIST_FILE = "HashTable/HashTable-Info.plist";
				PRODUCT_NAME = "$(TARGET_NAME)";
				WRAPPER_EXTENSION = app;
			};
			name = Release;
		};
		200AA53B18BE90760076E0EA /* Debug */ = {
			isa = XCBuildConfiguration;
			buildSettings = {
				ARCHS = "$(ARCHS_STANDARD_INCLUDING_64_BIT)";
				BUNDLE_LOADER = "$(BUILT_PRODUCTS_DIR)/HashTable.app/HashTable";
				FRAMEWORK_SEARCH_PATHS = (
					"$(SDKROOT)/Developer/Library/Frameworks",
					"$(inherited)",
					"$(DEVELOPER_FRAMEWORKS_DIR)",
				);
				GCC_PRECOMPILE_PREFIX_HEADER = YES;
				GCC_PREFIX_HEADER = "HashTable/HashTable-Prefix.pch";
				GCC_PREPROCESSOR_DEFINITIONS = (
					"DEBUG=1",
					"$(inherited)",
				);
				INFOPLIST_FILE = "HashTableTests/HashTableTests-Info.plist";
				PRODUCT_NAME = "$(TARGET_NAME)";
				TEST_HOST = "$(BUNDLE_LOADER)";
				WRAPPER_EXTENSION = xctest;
			};
			name = Debug;
		};
		200AA53C18BE90760076E0EA /* Release */ = {
			isa = XCBuildConfiguration;
			buildSettings = {
				ARCHS = "$(ARCHS_STANDARD_INCLUDING_64_BIT)";
				BUNDLE_LOADER = "$(BUILT_PRODUCTS_DIR)/HashTable.app/HashTable";
				FRAMEWORK_SEARCH_PATHS = (
					"$(SDKROOT)/Developer/Library/Frameworks",
					"$(inherited)",
					"$(DEVELOPER_FRAMEWORKS_DIR)",
				);
				GCC_PRECOMPILE_PREFIX_HEADER = YES;
				GCC_PREFIX_HEADER = "HashTable/HashTable-Prefix.pch";
				INFOPLIST_FILE = "HashTableTests/HashTableTests-Info.plist";
				PRODUCT_NAME = "$(TARGET_NAME)";
				TEST_HOST = "$(BUNDLE_LOADER)";
				WRAPPER_EXTENSION = xctest;
			};
			name = Release;
		};
/* End XCBuildConfiguration section */

/* Begin XCConfigurationList section */
		200AA50018BE90750076E0EA /* Build configuration list for PBXProject "HashTable" */ = {
			isa = XCConfigurationList;
			buildConfigurations = (
				200AA53518BE90760076E0EA /* Debug */,
				200AA53618BE90760076E0EA /* Release */,
			);
			defaultConfigurationIsVisible = 0;
			defaultConfigurationName = Release;
		};
		200AA53718BE90760076E0EA /* Build configuration list for PBXNativeTarget "HashTable" */ = {
			isa = XCConfigurationList;
			buildConfigurations = (
				200AA53818BE90760076E0EA /* Debug */,
				200AA53918BE90760076E0EA /* Release */,
			);
			defaultConfigurationIsVisible = 0;
		};
		200AA53A18BE90760076E0EA /* Build configuration list for PBXNativeTarget "HashTableTests" */ = {
			isa = XCConfigurationList;
			buildConfigurations = (
				200AA53B18BE90760076E0EA /* Debug */,
				200AA53C18BE90760076E0EA /* Release */,
			);
			defaultConfigurationIsVisible = 0;
		};
/* End XCConfigurationList section */
	};
	rootObject = 200AA4FD18BE90750076E0EA /* Project object */;
}
